
Microsoft Visual Studio Solution File, Format Version 12.00
# Visual Studio 2013
VisualStudioVersion = 12.0.30501.0
MinimumVisualStudioVersion = 10.0.40219.1
Project("{FAE04EC0-301F-11D3-BF4B-00C04F79EFBC}") = "Steroids", "Steroids\Steroids.csproj", "{5CD1B4FC-81C9-48A8-AC2B-C01FC1BA845D}"
EndProject
Project("{FAE04EC0-301F-11D3-BF4B-00C04F79EFBC}") = "Steroids.Tests", "Steroids.Tests\Steroids.Tests.csproj", "{B3AB4F99-CBA5-4A55-9BCA-F9C2E8093EF7}"
EndProject
Global
	GlobalSection(SolutionConfigurationPlatforms) = preSolution
		Debug|Any CPU = Debug|Any CPU
		Release|Any CPU = Release|Any CPU
	EndGlobalSection
	GlobalSection(ProjectConfigurationPlatforms) = postSolution
		{5CD1B4FC-81C9-48A8-AC2B-C01FC1BA845D}.Debug|Any CPU.ActiveCfg = Debug|Any CPU
		{5CD1B4FC-81C9-48A8-AC2B-C01FC1BA845D}.Debug|Any CPU.Build.0 = Debug|Any CPU
		{5CD1B4FC-81C9-48A8-AC2B-C01FC1BA845D}.Release|Any CPU.ActiveCfg = Release|Any CPU
		{5CD1B4FC-81C9-48A8-AC2B-C01FC1BA845D}.Release|Any CPU.Build.0 = Release|Any CPU
		{B3AB4F99-CBA5-4A55-9BCA-F9C2E8093EF7}.Debug|Any CPU.ActiveCfg = Debug|Any CPU
		{B3AB4F99-CBA5-4A55-9BCA-F9C2E8093EF7}.Debug|Any CPU.Build.0 = Debug|Any CPU
		{B3AB4F99-CBA5-4A55-9BCA-F9C2E8093EF7}.Release|Any CPU.ActiveCfg = Release|Any CPU
		{B3AB4F99-CBA5-4A55-9BCA-F9C2E8093EF7}.Release|Any CPU.Build.0 = Release|Any CPU
	EndGlobalSection
	GlobalSection(SolutionProperties) = preSolution
		HideSolutionNode = FALSE
	EndGlobalSection
EndGlobal
